GEM
  remote: https://rubygems.org/
  specs:
    bcrypt_pbkdf (1.1.1)
    bigdecimal (3.1.8)
    ed25519 (1.3.0)
    net-ssh (7.2.3)
    pg (1.5.6)
    sequel (5.81.0)
      bigdecimal

PLATFORMS
  ruby
  x86_64-linux

DEPENDENCIES
  bcrypt_pbkdf
  ed25519
  net-ssh
  pg
  sequel

BUNDLED WITH
   2.5.13
